<?xml version="1.0" encoding="utf-8"?>
<Project ToolsVersion="4.0" xmlns="http://schemas.microsoft.com/developer/msbuild/2003">
  <ItemGroup>
    <Filter Include="base">
      <UniqueIdentifier>{3fd0cbe0-0203-4017-9b38-5d1a6bb252a9}</UniqueIdentifier>
    </Filter>
    <Filter Include="buffer">
      <UniqueIdentifier>{5b37e239-bef7-435f-a5e8-19e433b0c7bd}</UniqueIdentifier>
    </Filter>
    <Filter Include="core">
      <UniqueIdentifier>{d2540cbd-e718-4f9a-a3ec-6226926076a1}</UniqueIdentifier>
    </Filter>
    <Filter Include="net">
      <UniqueIdentifier>{aed3c751-4770-470d-873b-8dbd9c4447a1}</UniqueIdentifier>
    </Filter>
    <Filter Include="protocol">
      <UniqueIdentifier>{cafcb338-e1dd-4984-81ac-34763d56799a}</UniqueIdentifier>
    </Filter>
    <Filter Include="sha1">
      <UniqueIdentifier>{8a09afa9-e1c8-4fde-8cec-06f822089d9e}</UniqueIdentifier>
    </Filter>
    <Filter Include="thread">
      <UniqueIdentifier>{ac50feb3-8533-4eb2-b498-b0f40a2787c2}</UniqueIdentifier>
    </Filter>
    <Filter Include="timer">
      <UniqueIdentifier>{e47107aa-5cb7-4bbd-afdb-c7aa533f5abe}</UniqueIdentifier>
    </Filter>
    <Filter Include="core\bencode">
      <UniqueIdentifier>{1ec18da5-3a4c-43d6-8c49-b599dd1f81d2}</UniqueIdentifier>
    </Filter>
  </ItemGroup>
  <ItemGroup>
    <ClInclude Include="base\BaseTypes.h">
      <Filter>base</Filter>
    </ClInclude>
    <ClInclude Include="base\ObjectPool.h">
      <Filter>base</Filter>
    </ClInclude>
    <ClInclude Include="base\RefCount.h">
      <Filter>base</Filter>
    </ClInclude>
    <ClInclude Include="base\ScopePtr.h">
      <Filter>base</Filter>
    </ClInclude>
    <ClInclude Include="buffer\Buffer.h">
      <Filter>buffer</Filter>
    </ClInclude>
    <ClInclude Include="core\bencode\BenTypes.h">
      <Filter>core\bencode</Filter>
    </ClInclude>
    <ClInclude Include="core\bencode\MetainfoFile.h">
      <Filter>core\bencode</Filter>
    </ClInclude>
    <ClInclude Include="core\bencode\TrackerResponse.h">
      <Filter>core\bencode</Filter>
    </ClInclude>
    <ClInclude Include="core\BitController.h">
      <Filter>core</Filter>
    </ClInclude>
    <ClInclude Include="core\BitCreator.h">
      <Filter>core</Filter>
    </ClInclude>
    <ClInclude Include="core\BitData.h">
      <Filter>core</Filter>
    </ClInclude>
    <ClInclude Include="core\BitPeerData.h">
      <Filter>core</Filter>
    </ClInclude>
    <ClInclude Include="core\BitRepository.h">
      <Filter>core</Filter>
    </ClInclude>
    <ClInclude Include="core\BitTask.h">
      <Filter>core</Filter>
    </ClInclude>
    <ClInclude Include="core\BitTrackerConnection.h">
      <Filter>core</Filter>
    </ClInclude>
    <ClInclude Include="net\Address.h">
      <Filter>net</Filter>
    </ClInclude>
    <ClInclude Include="net\AddressResolver.h">
      <Filter>net</Filter>
    </ClInclude>
    <ClInclude Include="net\Exception.h">
      <Filter>net</Filter>
    </ClInclude>
    <ClInclude Include="net\Iocp.h">
      <Filter>net</Filter>
    </ClInclude>
    <ClInclude Include="net\IoService.h">
      <Filter>net</Filter>
    </ClInclude>
    <ClInclude Include="net\NetHelper.h">
      <Filter>net</Filter>
    </ClInclude>
    <ClInclude Include="net\Overlapped.h">
      <Filter>net</Filter>
    </ClInclude>
    <ClInclude Include="net\ResolveService.h">
      <Filter>net</Filter>
    </ClInclude>
    <ClInclude Include="net\ServiceBase.h">
      <Filter>net</Filter>
    </ClInclude>
    <ClInclude Include="net\Socket.h">
      <Filter>net</Filter>
    </ClInclude>
    <ClInclude Include="net\SocketImpl.h">
      <Filter>net</Filter>
    </ClInclude>
    <ClInclude Include="net\StreamUnpacker.h">
      <Filter>net</Filter>
    </ClInclude>
    <ClInclude Include="net\TimerService.h">
      <Filter>net</Filter>
    </ClInclude>
    <ClInclude Include="net\WinSockIniter.h">
      <Filter>net</Filter>
    </ClInclude>
    <ClInclude Include="timer\Timer.h">
      <Filter>timer</Filter>
    </ClInclude>
    <ClInclude Include="timer\TimerQueue.h">
      <Filter>timer</Filter>
    </ClInclude>
    <ClInclude Include="timer\TimeTraits.h">
      <Filter>timer</Filter>
    </ClInclude>
    <ClInclude Include="thread\Event.h">
      <Filter>thread</Filter>
    </ClInclude>
    <ClInclude Include="thread\Mutex.h">
      <Filter>thread</Filter>
    </ClInclude>
    <ClInclude Include="thread\ReadWriteLock.h">
      <Filter>thread</Filter>
    </ClInclude>
    <ClInclude Include="thread\Thread.h">
      <Filter>thread</Filter>
    </ClInclude>
    <ClInclude Include="sha1\NetSha1Value.h">
      <Filter>sha1</Filter>
    </ClInclude>
    <ClInclude Include="sha1\sha1.h">
      <Filter>sha1</Filter>
    </ClInclude>
    <ClInclude Include="sha1\Sha1Value.h">
      <Filter>sha1</Filter>
    </ClInclude>
    <ClInclude Include="protocol\Request.h">
      <Filter>protocol</Filter>
    </ClInclude>
    <ClInclude Include="protocol\Response.h">
      <Filter>protocol</Filter>
    </ClInclude>
    <ClInclude Include="protocol\URI.h">
      <Filter>protocol</Filter>
    </ClInclude>
    <ClInclude Include="core\BitPeerConnection.h">
      <Filter>core</Filter>
    </ClInclude>
    <ClInclude Include="core\BitWorker.h">
      <Filter>core</Filter>
    </ClInclude>
    <ClInclude Include="core\BitWorkerProvider.h">
      <Filter>core</Filter>
    </ClInclude>
    <ClInclude Include="core\BitWave.h">
      <Filter>core</Filter>
    </ClInclude>
    <ClInclude Include="core\BitService.h">
      <Filter>core</Filter>
    </ClInclude>
    <ClInclude Include="core\BitPeerListener.h">
      <Filter>core</Filter>
    </ClInclude>
    <ClInclude Include="core\BitNetProcessor.h">
      <Filter>core</Filter>
    </ClInclude>
    <ClInclude Include="core\BitPeerCreateStrategy.h">
      <Filter>core</Filter>
    </ClInclude>
    <ClInclude Include="core\BitPieceMap.h">
      <Filter>core</Filter>
    </ClInclude>
    <ClInclude Include="core\BitDownloadDispatcher.h">
      <Filter>core</Filter>
    </ClInclude>
    <ClInclude Include="core\BitRequestList.h">
      <Filter>core</Filter>
    </ClInclude>
    <ClInclude Include="base\StringConv.h">
      <Filter>base</Filter>
    </ClInclude>
    <ClInclude Include="core\BitCache.h">
      <Filter>core</Filter>
    </ClInclude>
    <ClInclude Include="core\BitFile.h">
      <Filter>core</Filter>
    </ClInclude>
    <ClInclude Include="core\BitPiece.h">
      <Filter>core</Filter>
    </ClInclude>
    <ClInclude Include="core\BitPieceSha1Calc.h">
      <Filter>core</Filter>
    </ClInclude>
    <ClInclude Include="thread\Atomic.h">
      <Filter>thread</Filter>
    </ClInclude>
  </ItemGroup>
  <ItemGroup>
    <ClCompile Include="core\bencode\BenTypes.cpp">
      <Filter>core\bencode</Filter>
    </ClCompile>
    <ClCompile Include="core\bencode\MetainfoFile.cpp">
      <Filter>core\bencode</Filter>
    </ClCompile>
    <ClCompile Include="core\bencode\TrackerResponse.cpp">
      <Filter>core\bencode</Filter>
    </ClCompile>
    <ClCompile Include="core\BitController.cpp">
      <Filter>core</Filter>
    </ClCompile>
    <ClCompile Include="core\BitCreator.cpp">
      <Filter>core</Filter>
    </ClCompile>
    <ClCompile Include="core\BitData.cpp">
      <Filter>core</Filter>
    </ClCompile>
    <ClCompile Include="core\BitPeerData.cpp">
      <Filter>core</Filter>
    </ClCompile>
    <ClCompile Include="core\BitRepository.cpp">
      <Filter>core</Filter>
    </ClCompile>
    <ClCompile Include="core\BitTask.cpp">
      <Filter>core</Filter>
    </ClCompile>
    <ClCompile Include="core\BitTrackerConnection.cpp">
      <Filter>core</Filter>
    </ClCompile>
    <ClCompile Include="sha1\NetSha1Value.cpp">
      <Filter>sha1</Filter>
    </ClCompile>
    <ClCompile Include="sha1\sha1.cpp">
      <Filter>sha1</Filter>
    </ClCompile>
    <ClCompile Include="sha1\Sha1Value.cpp">
      <Filter>sha1</Filter>
    </ClCompile>
    <ClCompile Include="protocol\Request.cpp">
      <Filter>protocol</Filter>
    </ClCompile>
    <ClCompile Include="protocol\Response.cpp">
      <Filter>protocol</Filter>
    </ClCompile>
    <ClCompile Include="protocol\URI.cpp">
      <Filter>protocol</Filter>
    </ClCompile>
    <ClCompile Include="core\BitPeerConnection.cpp">
      <Filter>core</Filter>
    </ClCompile>
    <ClCompile Include="core\BitWorker.cpp">
      <Filter>core</Filter>
    </ClCompile>
    <ClCompile Include="core\BitWorkerProvider.cpp">
      <Filter>core</Filter>
    </ClCompile>
    <ClCompile Include="core\BitWave.cpp">
      <Filter>core</Filter>
    </ClCompile>
    <ClCompile Include="core\Main.cpp">
      <Filter>core</Filter>
    </ClCompile>
    <ClCompile Include="core\BitService.cpp">
      <Filter>core</Filter>
    </ClCompile>
    <ClCompile Include="core\BitPeerListener.cpp">
      <Filter>core</Filter>
    </ClCompile>
    <ClCompile Include="core\BitPeerCreateStrategy.cpp">
      <Filter>core</Filter>
    </ClCompile>
    <ClCompile Include="core\BitPieceMap.cpp">
      <Filter>core</Filter>
    </ClCompile>
    <ClCompile Include="core\BitDownloadDispatcher.cpp">
      <Filter>core</Filter>
    </ClCompile>
    <ClCompile Include="core\BitRequestList.cpp">
      <Filter>core</Filter>
    </ClCompile>
    <ClCompile Include="core\BitCache.cpp">
      <Filter>core</Filter>
    </ClCompile>
    <ClCompile Include="core\BitFile.cpp">
      <Filter>core</Filter>
    </ClCompile>
    <ClCompile Include="core\BitPiece.cpp">
      <Filter>core</Filter>
    </ClCompile>
    <ClCompile Include="core\BitPieceSha1Calc.cpp">
      <Filter>core</Filter>
    </ClCompile>
  </ItemGroup>
</Project>