<?xml version="1.0" encoding="utf-8"?>
<Project ToolsVersion="4.0" xmlns="http://schemas.microsoft.com/developer/msbuild/2003">
  <ItemGroup>
    <Filter Include="base">
      <UniqueIdentifier>{a83196c6-7ddb-4236-a5d1-7082c223fdad}</UniqueIdentifier>
    </Filter>
    <Filter Include="buffer">
      <UniqueIdentifier>{9fd710cf-c7e2-4d86-8e1a-d75e0328ab22}</UniqueIdentifier>
    </Filter>
    <Filter Include="core">
      <UniqueIdentifier>{e10684bf-99e5-458e-b71c-1c92d1fcdd64}</UniqueIdentifier>
    </Filter>
    <Filter Include="core\bencode">
      <UniqueIdentifier>{e8ba4239-2128-40f1-a70b-7a396ce14f0a}</UniqueIdentifier>
    </Filter>
    <Filter Include="net">
      <UniqueIdentifier>{3c8706de-d881-4c1b-bebf-5c36a16c365c}</UniqueIdentifier>
    </Filter>
    <Filter Include="protocol">
      <UniqueIdentifier>{996ff330-5708-4487-8174-cc7cefa4a14f}</UniqueIdentifier>
    </Filter>
    <Filter Include="sha1">
      <UniqueIdentifier>{b0e11885-7f64-4561-bdf2-2301f67155b2}</UniqueIdentifier>
    </Filter>
    <Filter Include="thread">
      <UniqueIdentifier>{aad32fb8-6d73-4ceb-a4ae-1c284d7e6e07}</UniqueIdentifier>
    </Filter>
    <Filter Include="timer">
      <UniqueIdentifier>{7a07fbae-d471-4916-a631-910d113a4e7c}</UniqueIdentifier>
    </Filter>
  </ItemGroup>
  <ItemGroup>
    <ClInclude Include="base\BaseTypes.h">
      <Filter>base</Filter>
    </ClInclude>
    <ClInclude Include="base\Console.h">
      <Filter>base</Filter>
    </ClInclude>
    <ClInclude Include="base\ObjectPool.h">
      <Filter>base</Filter>
    </ClInclude>
    <ClInclude Include="base\RefCount.h">
      <Filter>base</Filter>
    </ClInclude>
    <ClInclude Include="base\ScopePtr.h">
      <Filter>base</Filter>
    </ClInclude>
    <ClInclude Include="base\StringConv.h">
      <Filter>base</Filter>
    </ClInclude>
    <ClInclude Include="buffer\Buffer.h">
      <Filter>buffer</Filter>
    </ClInclude>
    <ClInclude Include="core\bencode\BenTypes.h">
      <Filter>core\bencode</Filter>
    </ClInclude>
    <ClInclude Include="core\bencode\MetainfoFile.h">
      <Filter>core\bencode</Filter>
    </ClInclude>
    <ClInclude Include="core\bencode\TrackerResponse.h">
      <Filter>core\bencode</Filter>
    </ClInclude>
    <ClInclude Include="core\BitCache.h">
      <Filter>core</Filter>
    </ClInclude>
    <ClInclude Include="core\BitController.h">
      <Filter>core</Filter>
    </ClInclude>
    <ClInclude Include="core\BitCreator.h">
      <Filter>core</Filter>
    </ClInclude>
    <ClInclude Include="core\BitData.h">
      <Filter>core</Filter>
    </ClInclude>
    <ClInclude Include="core\BitDownloadDispatcher.h">
      <Filter>core</Filter>
    </ClInclude>
    <ClInclude Include="core\BitFile.h">
      <Filter>core</Filter>
    </ClInclude>
    <ClInclude Include="core\BitNetProcessor.h">
      <Filter>core</Filter>
    </ClInclude>
    <ClInclude Include="core\BitPeerConnection.h">
      <Filter>core</Filter>
    </ClInclude>
    <ClInclude Include="core\BitPeerCreateStrategy.h">
      <Filter>core</Filter>
    </ClInclude>
    <ClInclude Include="core\BitPeerData.h">
      <Filter>core</Filter>
    </ClInclude>
    <ClInclude Include="core\BitPeerListener.h">
      <Filter>core</Filter>
    </ClInclude>
    <ClInclude Include="core\BitPiece.h">
      <Filter>core</Filter>
    </ClInclude>
    <ClInclude Include="core\BitPieceMap.h">
      <Filter>core</Filter>
    </ClInclude>
    <ClInclude Include="core\BitPieceSha1Calc.h">
      <Filter>core</Filter>
    </ClInclude>
    <ClInclude Include="core\BitRepository.h">
      <Filter>core</Filter>
    </ClInclude>
    <ClInclude Include="core\BitRequestList.h">
      <Filter>core</Filter>
    </ClInclude>
    <ClInclude Include="core\BitService.h">
      <Filter>core</Filter>
    </ClInclude>
    <ClInclude Include="core\BitTask.h">
      <Filter>core</Filter>
    </ClInclude>
    <ClInclude Include="core\BitTrackerConnection.h">
      <Filter>core</Filter>
    </ClInclude>
    <ClInclude Include="core\BitUploadDispatcher.h">
      <Filter>core</Filter>
    </ClInclude>
    <ClInclude Include="core\BitWave.h">
      <Filter>core</Filter>
    </ClInclude>
    <ClInclude Include="net\Address.h">
      <Filter>net</Filter>
    </ClInclude>
    <ClInclude Include="net\AddressResolver.h">
      <Filter>net</Filter>
    </ClInclude>
    <ClInclude Include="net\BaseSocket.h">
      <Filter>net</Filter>
    </ClInclude>
    <ClInclude Include="net\Iocp.h">
      <Filter>net</Filter>
    </ClInclude>
    <ClInclude Include="net\IoService.h">
      <Filter>net</Filter>
    </ClInclude>
    <ClInclude Include="net\NetHelper.h">
      <Filter>net</Filter>
    </ClInclude>
    <ClInclude Include="net\Overlapped.h">
      <Filter>net</Filter>
    </ClInclude>
    <ClInclude Include="net\ResolveService.h">
      <Filter>net</Filter>
    </ClInclude>
    <ClInclude Include="net\ServiceBase.h">
      <Filter>net</Filter>
    </ClInclude>
    <ClInclude Include="net\Socket.h">
      <Filter>net</Filter>
    </ClInclude>
    <ClInclude Include="net\StreamUnpacker.h">
      <Filter>net</Filter>
    </ClInclude>
    <ClInclude Include="net\TimerService.h">
      <Filter>net</Filter>
    </ClInclude>
    <ClInclude Include="net\WinSockIniter.h">
      <Filter>net</Filter>
    </ClInclude>
    <ClInclude Include="timer\Timer.h">
      <Filter>timer</Filter>
    </ClInclude>
    <ClInclude Include="timer\TimerQueue.h">
      <Filter>timer</Filter>
    </ClInclude>
    <ClInclude Include="timer\TimeTraits.h">
      <Filter>timer</Filter>
    </ClInclude>
    <ClInclude Include="thread\Atomic.h">
      <Filter>thread</Filter>
    </ClInclude>
    <ClInclude Include="thread\Event.h">
      <Filter>thread</Filter>
    </ClInclude>
    <ClInclude Include="thread\Mutex.h">
      <Filter>thread</Filter>
    </ClInclude>
    <ClInclude Include="thread\ReadWriteLock.h">
      <Filter>thread</Filter>
    </ClInclude>
    <ClInclude Include="thread\Thread.h">
      <Filter>thread</Filter>
    </ClInclude>
    <ClInclude Include="sha1\NetSha1Value.h">
      <Filter>sha1</Filter>
    </ClInclude>
    <ClInclude Include="sha1\sha1.h">
      <Filter>sha1</Filter>
    </ClInclude>
    <ClInclude Include="sha1\Sha1Value.h">
      <Filter>sha1</Filter>
    </ClInclude>
    <ClInclude Include="protocol\Request.h">
      <Filter>protocol</Filter>
    </ClInclude>
    <ClInclude Include="protocol\Response.h">
      <Filter>protocol</Filter>
    </ClInclude>
    <ClInclude Include="protocol\URI.h">
      <Filter>protocol</Filter>
    </ClInclude>
    <ClInclude Include="net\NetException.h">
      <Filter>net</Filter>
    </ClInclude>
    <ClInclude Include="protocol\HttpException.h">
      <Filter>protocol</Filter>
    </ClInclude>
    <ClInclude Include="core\BitException.h">
      <Filter>core</Filter>
    </ClInclude>
    <ClInclude Include="core\BitDownloadingInfo.h">
      <Filter>core</Filter>
    </ClInclude>
  </ItemGroup>
  <ItemGroup>
    <ClCompile Include="core\bencode\BenTypes.cpp">
      <Filter>core\bencode</Filter>
    </ClCompile>
    <ClCompile Include="core\bencode\MetainfoFile.cpp">
      <Filter>core\bencode</Filter>
    </ClCompile>
    <ClCompile Include="core\bencode\TrackerResponse.cpp">
      <Filter>core\bencode</Filter>
    </ClCompile>
    <ClCompile Include="core\BitCache.cpp">
      <Filter>core</Filter>
    </ClCompile>
    <ClCompile Include="core\BitController.cpp">
      <Filter>core</Filter>
    </ClCompile>
    <ClCompile Include="core\BitCreator.cpp">
      <Filter>core</Filter>
    </ClCompile>
    <ClCompile Include="core\BitData.cpp">
      <Filter>core</Filter>
    </ClCompile>
    <ClCompile Include="core\BitDownloadDispatcher.cpp">
      <Filter>core</Filter>
    </ClCompile>
    <ClCompile Include="core\BitFile.cpp">
      <Filter>core</Filter>
    </ClCompile>
    <ClCompile Include="core\BitPeerConnection.cpp">
      <Filter>core</Filter>
    </ClCompile>
    <ClCompile Include="core\BitPeerCreateStrategy.cpp">
      <Filter>core</Filter>
    </ClCompile>
    <ClCompile Include="core\BitPeerData.cpp">
      <Filter>core</Filter>
    </ClCompile>
    <ClCompile Include="core\BitPeerListener.cpp">
      <Filter>core</Filter>
    </ClCompile>
    <ClCompile Include="core\BitPiece.cpp">
      <Filter>core</Filter>
    </ClCompile>
    <ClCompile Include="core\BitPieceMap.cpp">
      <Filter>core</Filter>
    </ClCompile>
    <ClCompile Include="core\BitPieceSha1Calc.cpp">
      <Filter>core</Filter>
    </ClCompile>
    <ClCompile Include="core\BitRepository.cpp">
      <Filter>core</Filter>
    </ClCompile>
    <ClCompile Include="core\BitRequestList.cpp">
      <Filter>core</Filter>
    </ClCompile>
    <ClCompile Include="core\BitService.cpp">
      <Filter>core</Filter>
    </ClCompile>
    <ClCompile Include="core\BitTask.cpp">
      <Filter>core</Filter>
    </ClCompile>
    <ClCompile Include="core\BitTrackerConnection.cpp">
      <Filter>core</Filter>
    </ClCompile>
    <ClCompile Include="core\BitUploadDispatcher.cpp">
      <Filter>core</Filter>
    </ClCompile>
    <ClCompile Include="core\BitWave.cpp">
      <Filter>core</Filter>
    </ClCompile>
    <ClCompile Include="core\Main.cpp">
      <Filter>core</Filter>
    </ClCompile>
    <ClCompile Include="sha1\NetSha1Value.cpp">
      <Filter>sha1</Filter>
    </ClCompile>
    <ClCompile Include="sha1\sha1.cpp">
      <Filter>sha1</Filter>
    </ClCompile>
    <ClCompile Include="sha1\Sha1Value.cpp">
      <Filter>sha1</Filter>
    </ClCompile>
    <ClCompile Include="protocol\Request.cpp">
      <Filter>protocol</Filter>
    </ClCompile>
    <ClCompile Include="protocol\Response.cpp">
      <Filter>protocol</Filter>
    </ClCompile>
    <ClCompile Include="protocol\URI.cpp">
      <Filter>protocol</Filter>
    </ClCompile>
    <ClCompile Include="core\BitDownloadingInfo.cpp">
      <Filter>core</Filter>
    </ClCompile>
  </ItemGroup>
</Project>